// !$*UTF8*$!
{
	archiveVersion = 1;
	classes = {
	};
	objectVersion = 46;
	objects = {

/* Begin PBXBuildFile section */
		0F2439601B3DFE6C00D6E097 /* Default-568h@2x.png in Resources */ = {isa = PBXBuildFile; fileRef = 0F24395F1B3DFE6C00D6E097 /* Default-568h@2x.png */; };
		0F2439701B3E415E00D6E097 /* CoreAudio.framework in Frameworks */ = {isa = PBXBuildFile; fileRef = 0F24396F1B3E415E00D6E097 /* CoreAudio.framework */; };
		0F2439721B3E420600D6E097 /* CFNetwork.framework in Frameworks */ = {isa = PBXBuildFile; fileRef = 0F2439711B3E420600D6E097 /* CFNetwork.framework */; };
		0F2439741B3E421000D6E097 /* AudioToolbox.framework in Frameworks */ = {isa = PBXBuildFile; fileRef = 0F2439731B3E421000D6E097 /* AudioToolbox.framework */; };
		0F2439761B3E422000D6E097 /* MediaPlayer.framework in Frameworks */ = {isa = PBXBuildFile; fileRef = 0F2439751B3E422000D6E097 /* MediaPlayer.framework */; };
		0F2439781B3E423600D6E097 /* Security.framework in Frameworks */ = {isa = PBXBuildFile; fileRef = 0F2439771B3E423600D6E097 /* Security.framework */; };
		0F24397A1B3E427E00D6E097 /* CoreMotion.framework in Frameworks */ = {isa = PBXBuildFile; fileRef = 0F2439791B3E427E00D6E097 /* CoreMotion.framework */; };
		3C08A15B1B43152A001E6765 /* every.mp3 in Resources */ = {isa = PBXBuildFile; fileRef = 3C08A15A1B43152A001E6765 /* every.mp3 */; };
		3C08A15F1B431EB3001E6765 /* youtube.html in Resources */ = {isa = PBXBuildFile; fileRef = 3C08A15C1B431EB3001E6765 /* youtube.html */; };
		3C08A1601B431EB3001E6765 /* YoutubeAutoplayTest-Info.plist in Resources */ = {isa = PBXBuildFile; fileRef = 3C08A15D1B431EB3001E6765 /* YoutubeAutoplayTest-Info.plist */; };
		3C08A1621B432851001E6765 /* MessageUI.framework in Frameworks */ = {isa = PBXBuildFile; fileRef = 3C08A1611B432851001E6765 /* MessageUI.framework */; };
		3C3F9EDB1B4211DF00AF70EA /* RoboMe.bundle in Resources */ = {isa = PBXBuildFile; fileRef = 3C3F9ED91B4211DF00AF70EA /* RoboMe.bundle */; };
		3C3F9EDC1B4211DF00AF70EA /* RoboMe.framework in Frameworks */ = {isa = PBXBuildFile; fileRef = 3C3F9EDA1B4211DF00AF70EA /* RoboMe.framework */; };
		3C3F9EDF1B4213CD00AF70EA /* GCDAsyncSocket.m in Sources */ = {isa = PBXBuildFile; fileRef = 3C3F9EDE1B4213CD00AF70EA /* GCDAsyncSocket.m */; };
		41158BDE16F1137C009FA140 /* UIKit.framework in Frameworks */ = {isa = PBXBuildFile; fileRef = 41158BDD16F1137C009FA140 /* UIKit.framework */; };
		41158BE016F1137C009FA140 /* Foundation.framework in Frameworks */ = {isa = PBXBuildFile; fileRef = 41158BDF16F1137C009FA140 /* Foundation.framework */; };
		41158BE216F1137C009FA140 /* CoreGraphics.framework in Frameworks */ = {isa = PBXBuildFile; fileRef = 41158BE116F1137C009FA140 /* CoreGraphics.framework */; };
		41158C0216F113B7009FA140 /* AppDelegate.m in Sources */ = {isa = PBXBuildFile; fileRef = 41158BFD16F113B7009FA140 /* AppDelegate.m */; };
		41158C0316F113B7009FA140 /* main.m in Sources */ = {isa = PBXBuildFile; fileRef = 41158BFF16F113B7009FA140 /* main.m */; };
		41158C0716F11458009FA140 /* opencv2.framework in Frameworks */ = {isa = PBXBuildFile; fileRef = 41158C0616F11458009FA140 /* opencv2.framework */; };
		41158C0D16F1147D009FA140 /* AbstractOCVViewController.m in Sources */ = {isa = PBXBuildFile; fileRef = 41158C0916F1147D009FA140 /* AbstractOCVViewController.m */; };
		41158C0E16F1147D009FA140 /* ColorCircleViewController.mm in Sources */ = {isa = PBXBuildFile; fileRef = 41158C0B16F1147D009FA140 /* ColorCircleViewController.mm */; };
		41158C0F16F1147D009FA140 /* ColorCircleViewController.xib in Resources */ = {isa = PBXBuildFile; fileRef = 41158C0C16F1147D009FA140 /* ColorCircleViewController.xib */; };
		41158C1116F11679009FA140 /* CoreMedia.framework in Frameworks */ = {isa = PBXBuildFile; fileRef = 41158C1016F11679009FA140 /* CoreMedia.framework */; };
		41158C1316F11681009FA140 /* AVFoundation.framework in Frameworks */ = {isa = PBXBuildFile; fileRef = 41158C1216F11681009FA140 /* AVFoundation.framework */; };
		41158C1516F11696009FA140 /* CoreVideo.framework in Frameworks */ = {isa = PBXBuildFile; fileRef = 41158C1416F11696009FA140 /* CoreVideo.framework */; };
		41158C1916F11CC2009FA140 /* TryYourselfViewController.mm in Sources */ = {isa = PBXBuildFile; fileRef = 41158C1716F11CC1009FA140 /* TryYourselfViewController.mm */; };
		41158C1A16F11CC2009FA140 /* TryYourselfViewController.xib in Resources */ = {isa = PBXBuildFile; fileRef = 41158C1816F11CC1009FA140 /* TryYourselfViewController.xib */; };
		41EFA7AB16F60ECE00DB4269 /* DetectSmileViewController.mm in Sources */ = {isa = PBXBuildFile; fileRef = 41EFA7A916F60ECE00DB4269 /* DetectSmileViewController.mm */; };
		41EFA7AC16F60ECE00DB4269 /* DetectSmileViewController.xib in Resources */ = {isa = PBXBuildFile; fileRef = 41EFA7AA16F60ECE00DB4269 /* DetectSmileViewController.xib */; };
		41EFA7AE16F6113E00DB4269 /* smile.xml in Resources */ = {isa = PBXBuildFile; fileRef = 41EFA7AD16F6113E00DB4269 /* smile.xml */; };
		41F3C9CA16FA5F64009CC852 /* README.md in Resources */ = {isa = PBXBuildFile; fileRef = 41F3C9C916FA5F64009CC852 /* README.md */; };
/* End PBXBuildFile section */

/* Begin PBXFileReference section */
		0F24395F1B3DFE6C00D6E097 /* Default-568h@2x.png */ = {isa = PBXFileReference; lastKnownFileType = image.png; path = "Default-568h@2x.png"; sourceTree = "<group>"; };
		0F24396F1B3E415E00D6E097 /* CoreAudio.framework */ = {isa = PBXFileReference; lastKnownFileType = wrapper.framework; name = CoreAudio.framework; path = System/Library/Frameworks/CoreAudio.framework; sourceTree = SDKROOT; };
		0F2439711B3E420600D6E097 /* CFNetwork.framework */ = {isa = PBXFileReference; lastKnownFileType = wrapper.framework; name = CFNetwork.framework; path = System/Library/Frameworks/CFNetwork.framework; sourceTree = SDKROOT; };
		0F2439731B3E421000D6E097 /* AudioToolbox.framework */ = {isa = PBXFileReference; lastKnownFileType = wrapper.framework; name = AudioToolbox.framework; path = System/Library/Frameworks/AudioToolbox.framework; sourceTree = SDKROOT; };
		0F2439751B3E422000D6E097 /* MediaPlayer.framework */ = {isa = PBXFileReference; lastKnownFileType = wrapper.framework; name = MediaPlayer.framework; path = System/Library/Frameworks/MediaPlayer.framework; sourceTree = SDKROOT; };
		0F2439771B3E423600D6E097 /* Security.framework */ = {isa = PBXFileReference; lastKnownFileType = wrapper.framework; name = Security.framework; path = System/Library/Frameworks/Security.framework; sourceTree = SDKROOT; };
		0F2439791B3E427E00D6E097 /* CoreMotion.framework */ = {isa = PBXFileReference; lastKnownFileType = wrapper.framework; name = CoreMotion.framework; path = System/Library/Frameworks/CoreMotion.framework; sourceTree = SDKROOT; };
		0F24397C1B3E494A00D6E097 /* RoboMe.bundle */ = {isa = PBXFileReference; lastKnownFileType = "wrapper.plug-in"; path = RoboMe.bundle; sourceTree = "<group>"; };
		0F24397D1B3E494A00D6E097 /* RoboMe.framework */ = {isa = PBXFileReference; lastKnownFileType = wrapper.framework; path = RoboMe.framework; sourceTree = "<group>"; };
		3C08A15A1B43152A001E6765 /* every.mp3 */ = {isa = PBXFileReference; lastKnownFileType = audio.mp3; path = every.mp3; sourceTree = "<group>"; };
		3C08A15C1B431EB3001E6765 /* youtube.html */ = {isa = PBXFileReference; fileEncoding = 4; lastKnownFileType = text.html; path = youtube.html; sourceTree = "<group>"; };
		3C08A15D1B431EB3001E6765 /* YoutubeAutoplayTest-Info.plist */ = {isa = PBXFileReference; fileEncoding = 4; lastKnownFileType = text.plist.xml; path = "YoutubeAutoplayTest-Info.plist"; sourceTree = "<group>"; };
		3C08A15E1B431EB3001E6765 /* YoutubeAutoplayTest-Prefix.pch */ = {isa = PBXFileReference; fileEncoding = 4; lastKnownFileType = sourcecode.c.h; path = "YoutubeAutoplayTest-Prefix.pch"; sourceTree = "<group>"; };
		3C08A1611B432851001E6765 /* MessageUI.framework */ = {isa = PBXFileReference; lastKnownFileType = wrapper.framework; name = MessageUI.framework; path = System/Library/Frameworks/MessageUI.framework; sourceTree = SDKROOT; };
		3C3F9ED91B4211DF00AF70EA /* RoboMe.bundle */ = {isa = PBXFileReference; lastKnownFileType = "wrapper.plug-in"; path = RoboMe.bundle; sourceTree = "<group>"; };
		3C3F9EDA1B4211DF00AF70EA /* RoboMe.framework */ = {isa = PBXFileReference; lastKnownFileType = wrapper.framework; path = RoboMe.framework; sourceTree = "<group>"; };
		3C3F9EDD1B4213CD00AF70EA /* GCDAsyncSocket.h */ = {isa = PBXFileReference; fileEncoding = 4; lastKnownFileType = sourcecode.c.h; path = GCDAsyncSocket.h; sourceTree = "<group>"; };
		3C3F9EDE1B4213CD00AF70EA /* GCDAsyncSocket.m */ = {isa = PBXFileReference; fileEncoding = 4; lastKnownFileType = sourcecode.c.objc; path = GCDAsyncSocket.m; sourceTree = "<group>"; };
		41158BDA16F1137C009FA140 /* OpenCVSample.app */ = {isa = PBXFileReference; explicitFileType = wrapper.application; includeInIndex = 0; path = OpenCVSample.app; sourceTree = BUILT_PRODUCTS_DIR; };
		41158BDD16F1137C009FA140 /* UIKit.framework */ = {isa = PBXFileReference; lastKnownFileType = wrapper.framework; name = UIKit.framework; path = System/Library/Frameworks/UIKit.framework; sourceTree = SDKROOT; };
		41158BDF16F1137C009FA140 /* Foundation.framework */ = {isa = PBXFileReference; lastKnownFileType = wrapper.framework; name = Foundation.framework; path = System/Library/Frameworks/Foundation.framework; sourceTree = SDKROOT; };
		41158BE116F1137C009FA140 /* CoreGraphics.framework */ = {isa = PBXFileReference; lastKnownFileType = wrapper.framework; name = CoreGraphics.framework; path = System/Library/Frameworks/CoreGraphics.framework; sourceTree = SDKROOT; };
		41158BFC16F113B7009FA140 /* AppDelegate.h */ = {isa = PBXFileReference; fileEncoding = 4; lastKnownFileType = sourcecode.c.h; path = AppDelegate.h; sourceTree = "<group>"; };
		41158BFD16F113B7009FA140 /* AppDelegate.m */ = {isa = PBXFileReference; fileEncoding = 4; lastKnownFileType = sourcecode.c.objc; path = AppDelegate.m; sourceTree = "<group>"; };
		41158BFF16F113B7009FA140 /* main.m */ = {isa = PBXFileReference; fileEncoding = 4; lastKnownFileType = sourcecode.c.objc; path = main.m; sourceTree = "<group>"; };
		41158C0016F113B7009FA140 /* OpenCVSample-Info.plist */ = {isa = PBXFileReference; fileEncoding = 4; lastKnownFileType = text.plist.xml; path = "OpenCVSample-Info.plist"; sourceTree = "<group>"; };
		41158C0116F113B7009FA140 /* OpenCVSample-Prefix.pch */ = {isa = PBXFileReference; fileEncoding = 4; lastKnownFileType = sourcecode.c.h; path = "OpenCVSample-Prefix.pch"; sourceTree = "<group>"; };
		41158C0616F11458009FA140 /* opencv2.framework */ = {isa = PBXFileReference; lastKnownFileType = wrapper.framework; path = opencv2.framework; sourceTree = "<group>"; };
		41158C0816F1147D009FA140 /* AbstractOCVViewController.h */ = {isa = PBXFileReference; fileEncoding = 4; lastKnownFileType = sourcecode.c.h; path = AbstractOCVViewController.h; sourceTree = "<group>"; };
		41158C0916F1147D009FA140 /* AbstractOCVViewController.m */ = {isa = PBXFileReference; fileEncoding = 4; lastKnownFileType = sourcecode.c.objc; path = AbstractOCVViewController.m; sourceTree = "<group>"; };
		41158C0A16F1147D009FA140 /* ColorCircleViewController.h */ = {isa = PBXFileReference; fileEncoding = 4; lastKnownFileType = sourcecode.c.h; path = ColorCircleViewController.h; sourceTree = "<group>"; };
		41158C0B16F1147D009FA140 /* ColorCircleViewController.mm */ = {isa = PBXFileReference; fileEncoding = 4; lastKnownFileType = sourcecode.cpp.objcpp; path = ColorCircleViewController.mm; sourceTree = "<group>"; };
		41158C0C16F1147D009FA140 /* ColorCircleViewController.xib */ = {isa = PBXFileReference; fileEncoding = 4; lastKnownFileType = file.xib; path = ColorCircleViewController.xib; sourceTree = "<group>"; };
		41158C1016F11679009FA140 /* CoreMedia.framework */ = {isa = PBXFileReference; lastKnownFileType = wrapper.framework; name = CoreMedia.framework; path = System/Library/Frameworks/CoreMedia.framework; sourceTree = SDKROOT; };
		41158C1216F11681009FA140 /* AVFoundation.framework */ = {isa = PBXFileReference; lastKnownFileType = wrapper.framework; name = AVFoundation.framework; path = System/Library/Frameworks/AVFoundation.framework; sourceTree = SDKROOT; };
		41158C1416F11696009FA140 /* CoreVideo.framework */ = {isa = PBXFileReference; lastKnownFileType = wrapper.framework; name = CoreVideo.framework; path = System/Library/Frameworks/CoreVideo.framework; sourceTree = SDKROOT; };
		41158C1616F11CC1009FA140 /* TryYourselfViewController.h */ = {isa = PBXFileReference; fileEncoding = 4; lastKnownFileType = sourcecode.c.h; path = TryYourselfViewController.h; sourceTree = "<group>"; };
		41158C1716F11CC1009FA140 /* TryYourselfViewController.mm */ = {isa = PBXFileReference; fileEncoding = 4; lastKnownFileType = sourcecode.cpp.objcpp; path = TryYourselfViewController.mm; sourceTree = "<group>"; };
		41158C1816F11CC1009FA140 /* TryYourselfViewController.xib */ = {isa = PBXFileReference; fileEncoding = 4; lastKnownFileType = file.xib; path = TryYourselfViewController.xib; sourceTree = "<group>"; };
		41EFA7A816F60ECE00DB4269 /* DetectSmileViewController.h */ = {isa = PBXFileReference; fileEncoding = 4; lastKnownFileType = sourcecode.c.h; path = DetectSmileViewController.h; sourceTree = "<group>"; };
		41EFA7A916F60ECE00DB4269 /* DetectSmileViewController.mm */ = {isa = PBXFileReference; fileEncoding = 4; lastKnownFileType = sourcecode.cpp.objcpp; path = DetectSmileViewController.mm; sourceTree = "<group>"; };
		41EFA7AA16F60ECE00DB4269 /* DetectSmileViewController.xib */ = {isa = PBXFileReference; fileEncoding = 4; lastKnownFileType = file.xib; path = DetectSmileViewController.xib; sourceTree = "<group>"; };
		41EFA7AD16F6113E00DB4269 /* smile.xml */ = {isa = PBXFileReference; fileEncoding = 4; lastKnownFileType = text.xml; path = smile.xml; sourceTree = "<group>"; };
		41F3C9C916FA5F64009CC852 /* README.md */ = {isa = PBXFileReference; fileEncoding = 4; lastKnownFileType = text; path = README.md; sourceTree = "<group>"; };
/* End PBXFileReference section */

/* Begin PBXFrameworksBuildPhase section */
		41158BD716F1137C009FA140 /* Frameworks */ = {
			isa = PBXFrameworksBuildPhase;
			buildActionMask = 2147483647;
			files = (
				3C08A1621B432851001E6765 /* MessageUI.framework in Frameworks */,
				0F24397A1B3E427E00D6E097 /* CoreMotion.framework in Frameworks */,
				0F2439781B3E423600D6E097 /* Security.framework in Frameworks */,
				0F2439761B3E422000D6E097 /* MediaPlayer.framework in Frameworks */,
				0F2439741B3E421000D6E097 /* AudioToolbox.framework in Frameworks */,
				0F2439721B3E420600D6E097 /* CFNetwork.framework in Frameworks */,
				0F2439701B3E415E00D6E097 /* CoreAudio.framework in Frameworks */,
				41158C1516F11696009FA140 /* CoreVideo.framework in Frameworks */,
				41158C1316F11681009FA140 /* AVFoundation.framework in Frameworks */,
				41158C1116F11679009FA140 /* CoreMedia.framework in Frameworks */,
				41158BDE16F1137C009FA140 /* UIKit.framework in Frameworks */,
				41158BE016F1137C009FA140 /* Foundation.framework in Frameworks */,
				41158BE216F1137C009FA140 /* CoreGraphics.framework in Frameworks */,
				3C3F9EDC1B4211DF00AF70EA /* RoboMe.framework in Frameworks */,
				41158C0716F11458009FA140 /* opencv2.framework in Frameworks */,
			);
			runOnlyForDeploymentPostprocessing = 0;
		};
/* End PBXFrameworksBuildPhase section */

/* Begin PBXGroup section */
		0F24397B1B3E494A00D6E097 /* RoboMe-iOS-SDK */ = {
			isa = PBXGroup;
			children = (
				0F24397C1B3E494A00D6E097 /* RoboMe.bundle */,
				0F24397D1B3E494A00D6E097 /* RoboMe.framework */,
			);
			name = "RoboMe-iOS-SDK";
			path = "../../../RoboMe Socket/RoboMe-iOS-SDK-master/RoboMe-iOS-SDK";
			sourceTree = "<group>";
		};
		41158BD116F1137C009FA140 = {
			isa = PBXGroup;
			children = (
				0F24395F1B3DFE6C00D6E097 /* Default-568h@2x.png */,
				41F3C9C916FA5F64009CC852 /* README.md */,
				41158BE316F1137C009FA140 /* OpenCVSample */,
				41158BDC16F1137C009FA140 /* Frameworks */,
				41158BDB16F1137C009FA140 /* Products */,
			);
			sourceTree = "<group>";
		};
		41158BDB16F1137C009FA140 /* Products */ = {
			isa = PBXGroup;
			children = (
				41158BDA16F1137C009FA140 /* OpenCVSample.app */,
			);
			name = Products;
			sourceTree = "<group>";
		};
		41158BDC16F1137C009FA140 /* Frameworks */ = {
			isa = PBXGroup;
			children = (
				3C08A1611B432851001E6765 /* MessageUI.framework */,
				3C3F9ED91B4211DF00AF70EA /* RoboMe.bundle */,
				3C3F9EDA1B4211DF00AF70EA /* RoboMe.framework */,
				0F2439791B3E427E00D6E097 /* CoreMotion.framework */,
				0F2439771B3E423600D6E097 /* Security.framework */,
				0F2439751B3E422000D6E097 /* MediaPlayer.framework */,
				0F2439731B3E421000D6E097 /* AudioToolbox.framework */,
				0F2439711B3E420600D6E097 /* CFNetwork.framework */,
				0F24396F1B3E415E00D6E097 /* CoreAudio.framework */,
				41158C1416F11696009FA140 /* CoreVideo.framework */,
				41158C1216F11681009FA140 /* AVFoundation.framework */,
				41158C1016F11679009FA140 /* CoreMedia.framework */,
				41158C0616F11458009FA140 /* opencv2.framework */,
				41158BDD16F1137C009FA140 /* UIKit.framework */,
				41158BDF16F1137C009FA140 /* Foundation.framework */,
				41158BE116F1137C009FA140 /* CoreGraphics.framework */,
			);
			name = Frameworks;
			sourceTree = "<group>";
		};
		41158BE316F1137C009FA140 /* OpenCVSample */ = {
			isa = PBXGroup;
			children = (
				41158BFA16F113B7009FA140 /* Classes */,
				41158BFE16F113B7009FA140 /* Supporting Files */,
			);
			path = OpenCVSample;
			sourceTree = "<group>";
		};
		41158BFA16F113B7009FA140 /* Classes */ = {
			isa = PBXGroup;
			children = (
				41158C0516F11439009FA140 /* OpenCVViewController */,
				41158BFB16F113B7009FA140 /* AppDelegate */,
			);
			path = Classes;
			sourceTree = "<group>";
		};
		41158BFB16F113B7009FA140 /* AppDelegate */ = {
			isa = PBXGroup;
			children = (
				41158BFC16F113B7009FA140 /* AppDelegate.h */,
				41158BFD16F113B7009FA140 /* AppDelegate.m */,
			);
			path = AppDelegate;
			sourceTree = "<group>";
		};
		41158BFE16F113B7009FA140 /* Supporting Files */ = {
			isa = PBXGroup;
			children = (
				3C08A15C1B431EB3001E6765 /* youtube.html */,
				3C08A15D1B431EB3001E6765 /* YoutubeAutoplayTest-Info.plist */,
				3C08A15E1B431EB3001E6765 /* YoutubeAutoplayTest-Prefix.pch */,
				0F24397B1B3E494A00D6E097 /* RoboMe-iOS-SDK */,
				41EFA7AD16F6113E00DB4269 /* smile.xml */,
				41158BFF16F113B7009FA140 /* main.m */,
				41158C0016F113B7009FA140 /* OpenCVSample-Info.plist */,
				41158C0116F113B7009FA140 /* OpenCVSample-Prefix.pch */,
			);
			path = "Supporting Files";
			sourceTree = "<group>";
		};
		41158C0516F11439009FA140 /* OpenCVViewController */ = {
			isa = PBXGroup;
			children = (
				3C08A15A1B43152A001E6765 /* every.mp3 */,
				3C3F9EDD1B4213CD00AF70EA /* GCDAsyncSocket.h */,
				3C3F9EDE1B4213CD00AF70EA /* GCDAsyncSocket.m */,
				41158C0816F1147D009FA140 /* AbstractOCVViewController.h */,
				41158C0916F1147D009FA140 /* AbstractOCVViewController.m */,
				41158C0A16F1147D009FA140 /* ColorCircleViewController.h */,
				41158C0B16F1147D009FA140 /* ColorCircleViewController.mm */,
				41158C0C16F1147D009FA140 /* ColorCircleViewController.xib */,
				41EFA7A816F60ECE00DB4269 /* DetectSmileViewController.h */,
				41EFA7A916F60ECE00DB4269 /* DetectSmileViewController.mm */,
				41EFA7AA16F60ECE00DB4269 /* DetectSmileViewController.xib */,
				41158C1616F11CC1009FA140 /* TryYourselfViewController.h */,
				41158C1716F11CC1009FA140 /* TryYourselfViewController.mm */,
				41158C1816F11CC1009FA140 /* TryYourselfViewController.xib */,
			);
			path = OpenCVViewController;
			sourceTree = "<group>";
		};
/* End PBXGroup section */

/* Begin PBXNativeTarget section */
		41158BD916F1137C009FA140 /* OpenCVSample */ = {
			isa = PBXNativeTarget;
			buildConfigurationList = 41158BF716F1137C009FA140 /* Build configuration list for PBXNativeTarget "OpenCVSample" */;
			buildPhases = (
				41158BD616F1137C009FA140 /* Sources */,
				41158BD716F1137C009FA140 /* Frameworks */,
				41158BD816F1137C009FA140 /* Resources */,
			);
			buildRules = (
			);
			dependencies = (
			);
			name = OpenCVSample;
			productName = OpenCVSample;
			productReference = 41158BDA16F1137C009FA140 /* OpenCVSample.app */;
			productType = "com.apple.product-type.application";
		};
/* End PBXNativeTarget section */

/* Begin PBXProject section */
		41158BD216F1137C009FA140 /* Project object */ = {
			isa = PBXProject;
			attributes = {
				LastUpgradeCheck = 0460;
				TargetAttributes = {
					41158BD916F1137C009FA140 = {
						DevelopmentTeam = W8RFWHQM7B;
					};
				};
			};
			buildConfigurationList = 41158BD516F1137C009FA140 /* Build configuration list for PBXProject "OpenCVSample" */;
			compatibilityVersion = "Xcode 3.2";
			developmentRegion = English;
			hasScannedForEncodings = 0;
			knownRegions = (
				en,
			);
			mainGroup = 41158BD116F1137C009FA140;
			productRefGroup = 41158BDB16F1137C009FA140 /* Products */;
			projectDirPath = "";
			projectRoot = "";
			targets = (
				41158BD916F1137C009FA140 /* OpenCVSample */,
			);
		};
/* End PBXProject section */

/* Begin PBXResourcesBuildPhase section */
		41158BD816F1137C009FA140 /* Resources */ = {
			isa = PBXResourcesBuildPhase;
			buildActionMask = 2147483647;
			files = (
				41158C0F16F1147D009FA140 /* ColorCircleViewController.xib in Resources */,
				3C3F9EDB1B4211DF00AF70EA /* RoboMe.bundle in Resources */,
				3C08A15B1B43152A001E6765 /* every.mp3 in Resources */,
				41158C1A16F11CC2009FA140 /* TryYourselfViewController.xib in Resources */,
				41EFA7AC16F60ECE00DB4269 /* DetectSmileViewController.xib in Resources */,
				41EFA7AE16F6113E00DB4269 /* smile.xml in Resources */,
				41F3C9CA16FA5F64009CC852 /* README.md in Resources */,
				3C08A1601B431EB3001E6765 /* YoutubeAutoplayTest-Info.plist in Resources */,
				3C08A15F1B431EB3001E6765 /* youtube.html in Resources */,
				0F2439601B3DFE6C00D6E097 /* Default-568h@2x.png in Resources */,
			);
			runOnlyForDeploymentPostprocessing = 0;
		};
/* End PBXResourcesBuildPhase section */

/* Begin PBXSourcesBuildPhase section */
		41158BD616F1137C009FA140 /* Sources */ = {
			isa = PBXSourcesBuildPhase;
			buildActionMask = 2147483647;
			files = (
				41158C0216F113B7009FA140 /* AppDelegate.m in Sources */,
				41158C0316F113B7009FA140 /* main.m in Sources */,
				41158C0D16F1147D009FA140 /* AbstractOCVViewController.m in Sources */,
				41158C0E16F1147D009FA140 /* ColorCircleViewController.mm in Sources */,
				41158C1916F11CC2009FA140 /* TryYourselfViewController.mm in Sources */,
				3C3F9EDF1B4213CD00AF70EA /* GCDAsyncSocket.m in Sources */,
				41EFA7AB16F60ECE00DB4269 /* DetectSmileViewController.mm in Sources */,
			);
			runOnlyForDeploymentPostprocessing = 0;
		};
/* End PBXSourcesBuildPhase section */

/* Begin XCBuildConfiguration section */
		41158BF516F1137C009FA140 /* Debug */ = {
			isa = XCBuildConfiguration;
			buildSettings = {
				ALWAYS_SEARCH_USER_PATHS = NO;
				CLANG_CXX_LANGUAGE_STANDARD = "gnu++0x";
				CLANG_CXX_LIBRARY = "libc++";
				CLANG_ENABLE_OBJC_ARC = YES;
				CLANG_WARN_CONSTANT_CONVERSION = YES;
				CLANG_WARN_EMPTY_BODY = YES;
				CLANG_WARN_ENUM_CONVERSION = YES;
				CLANG_WARN_INT_CONVERSION = YES;
				CLANG_WARN__DUPLICATE_METHOD_MATCH = YES;
				"CODE_SIGN_IDENTITY[sdk=iphoneos*]" = "iPhone Developer";
				COPY_PHASE_STRIP = NO;
				GCC_C_LANGUAGE_STANDARD = gnu99;
				GCC_DYNAMIC_NO_PIC = NO;
				GCC_OPTIMIZATION_LEVEL = 0;
				GCC_PREPROCESSOR_DEFINITIONS = (
					"DEBUG=1",
					"$(inherited)",
				);
				GCC_SYMBOLS_PRIVATE_EXTERN = NO;
				GCC_WARN_ABOUT_RETURN_TYPE = YES;
				GCC_WARN_UNINITIALIZED_AUTOS = YES;
				GCC_WARN_UNUSED_VARIABLE = YES;
				IPHONEOS_DEPLOYMENT_TARGET = 8.3;
				ONLY_ACTIVE_ARCH = YES;
				SDKROOT = iphoneos;
			};
			name = Debug;
		};
		41158BF616F1137C009FA140 /* Release */ = {
			isa = XCBuildConfiguration;
			buildSettings = {
				ALWAYS_SEARCH_USER_PATHS = NO;
				CLANG_CXX_LANGUAGE_STANDARD = "gnu++0x";
				CLANG_CXX_LIBRARY = "libc++";
				CLANG_ENABLE_OBJC_ARC = YES;
				CLANG_WARN_CONSTANT_CONVERSION = YES;
				CLANG_WARN_EMPTY_BODY = YES;
				CLANG_WARN_ENUM_CONVERSION = YES;
				CLANG_WARN_INT_CONVERSION = YES;
				CLANG_WARN__DUPLICATE_METHOD_MATCH = YES;
				"CODE_SIGN_IDENTITY[sdk=iphoneos*]" = "iPhone Developer";
				COPY_PHASE_STRIP = YES;
				GCC_C_LANGUAGE_STANDARD = gnu99;
				GCC_WARN_ABOUT_RETURN_TYPE = YES;
				GCC_WARN_UNINITIALIZED_AUTOS = YES;
				GCC_WARN_UNUSED_VARIABLE = YES;
				IPHONEOS_DEPLOYMENT_TARGET = 8.3;
				OTHER_CFLAGS = "-DNS_BLOCK_ASSERTIONS=1";
				SDKROOT = iphoneos;
				VALIDATE_PRODUCT = YES;
			};
			name = Release;
		};
		41158BF816F1137C009FA140 /* Debug */ = {
			isa = XCBuildConfiguration;
			buildSettings = {
				CODE_SIGN_IDENTITY = "iPhone Developer";
				FRAMEWORK_SEARCH_PATHS = (
					"$(inherited)",
					"$(SRCROOT)",
					/Users/renuka/Downloads/RoboMe,
					"Socket/RoboMe-iOS-SDK-master/RoboMe-iOS-SDK",
					/Users/renuka/Downloads/RoboMe,
					"Socket/RoboMe-iOS-SDK-master/RoboMe-iOS-SDK",
					/Users/Munna/Downloads/RoboMe,
					"Socket/RoboMe-iOS-SDK-master/RoboMe-iOS-SDK",
					/Users/Munna/Downloads/RoboMe,
					"Socket/RoboMe-iOS-SDK-master/RoboMe-iOS-SDK",
					"$(PROJECT_DIR)",
				);
				GCC_PRECOMPILE_PREFIX_HEADER = YES;
				GCC_PREFIX_HEADER = "OpenCVSample/Supporting Files/OpenCVSample-Prefix.pch";
				INFOPLIST_FILE = "OpenCVSample/Supporting Files/OpenCVSample-Info.plist";
				IPHONEOS_DEPLOYMENT_TARGET = 8.0;
				ONLY_ACTIVE_ARCH = NO;
				PRODUCT_NAME = "$(TARGET_NAME)";
				VALID_ARCHS = "armv7 armv7s";
				WRAPPER_EXTENSION = app;
			};
			name = Debug;
		};
		41158BF916F1137C009FA140 /* Release */ = {
			isa = XCBuildConfiguration;
			buildSettings = {
				CODE_SIGN_IDENTITY = "iPhone Developer";
				FRAMEWORK_SEARCH_PATHS = (
					"$(inherited)",
					"$(SRCROOT)",
					/Users/renuka/Downloads/RoboMe,
					"Socket/RoboMe-iOS-SDK-master/RoboMe-iOS-SDK",
					/Users/renuka/Downloads/RoboMe,
					"Socket/RoboMe-iOS-SDK-master/RoboMe-iOS-SDK",
					/Users/Munna/Downloads/RoboMe,
					"Socket/RoboMe-iOS-SDK-master/RoboMe-iOS-SDK",
					/Users/Munna/Downloads/RoboMe,
					"Socket/RoboMe-iOS-SDK-master/RoboMe-iOS-SDK",
					"$(PROJECT_DIR)",
				);
				GCC_PRECOMPILE_PREFIX_HEADER = YES;
				GCC_PREFIX_HEADER = "OpenCVSample/Supporting Files/OpenCVSample-Prefix.pch";
				INFOPLIST_FILE = "OpenCVSample/Supporting Files/OpenCVSample-Info.plist";
				IPHONEOS_DEPLOYMENT_TARGET = 8.0;
				PRODUCT_NAME = "$(TARGET_NAME)";
				VALID_ARCHS = "armv7 armv7s";
				WRAPPER_EXTENSION = app;
			};
			name = Release;
		};
/* End XCBuildConfiguration section */

/* Begin XCConfigurationList section */
		41158BD516F1137C009FA140 /* Build configuration list for PBXProject "OpenCVSample" */ = {
			isa = XCConfigurationList;
			buildConfigurations = (
				41158BF516F1137C009FA140 /* Debug */,
				41158BF616F1137C009FA140 /* Release */,
			);
			defaultConfigurationIsVisible = 0;
			defaultConfigurationName = Release;
		};
		41158BF716F1137C009FA140 /* Build configuration list for PBXNativeTarget "OpenCVSample" */ = {
			isa = XCConfigurationList;
			buildConfigurations = (
				41158BF816F1137C009FA140 /* Debug */,
				41158BF916F1137C009FA140 /* Release */,
			);
			defaultConfigurationIsVisible = 0;
			defaultConfigurationName = Release;
		};
/* End XCConfigurationList section */
	};
	rootObject = 41158BD216F1137C009FA140 /* Project object */;
}
